
Microsoft Visual Studio Solution File, Format Version 12.00
# Visual Studio 15
VisualStudioVersion = 15.0.27703.2026
MinimumVisualStudioVersion = 10.0.40219.1
Project("{FAE04EC0-301F-11D3-BF4B-00C04F79EFBC}") = "WebApiTokenUser", "WebApiTokenUser\WebApiTokenUser.csproj", "{BFA0DBD9-BD36-406B-AEE4-173B72FCC0CE}"
EndProject
Project("{FAE04EC0-301F-11D3-BF4B-00C04F79EFBC}") = "DataAccess", "DataAccess\DataAccess.csproj", "{79DB2153-771E-4903-977E-76937FB89D40}"
EndProject
Project("{FAE04EC0-301F-11D3-BF4B-00C04F79EFBC}") = "BusinessLogic", "BusinessLogic\BusinessLogic.csproj", "{19318A9D-74B0-46ED-AAA6-5B9D2927D522}"
EndProject
Global
	GlobalSection(SolutionConfigurationPlatforms) = preSolution
		Debug|Any CPU = Debug|Any CPU
		Debug|ARM = Debug|ARM
		Debug|x64 = Debug|x64
		Debug|x86 = Debug|x86
		Release|Any CPU = Release|Any CPU
		Release|ARM = Release|ARM
		Release|x64 = Release|x64
		Release|x86 = Release|x86
	EndGlobalSection
	GlobalSection(ProjectConfigurationPlatforms) = postSolution
		{BFA0DBD9-BD36-406B-AEE4-173B72FCC0CE}.Debug|Any CPU.ActiveCfg = Debug|Any CPU
		{BFA0DBD9-BD36-406B-AEE4-173B72FCC0CE}.Debug|Any CPU.Build.0 = Debug|Any CPU
		{BFA0DBD9-BD36-406B-AEE4-173B72FCC0CE}.Debug|ARM.ActiveCfg = Debug|Any CPU
		{BFA0DBD9-BD36-406B-AEE4-173B72FCC0CE}.Debug|ARM.Build.0 = Debug|Any CPU
		{BFA0DBD9-BD36-406B-AEE4-173B72FCC0CE}.Debug|x64.ActiveCfg = Debug|Any CPU
		{BFA0DBD9-BD36-406B-AEE4-173B72FCC0CE}.Debug|x64.Build.0 = Debug|Any CPU
		{BFA0DBD9-BD36-406B-AEE4-173B72FCC0CE}.Debug|x86.ActiveCfg = Debug|Any CPU
		{BFA0DBD9-BD36-406B-AEE4-173B72FCC0CE}.Debug|x86.Build.0 = Debug|Any CPU
		{BFA0DBD9-BD36-406B-AEE4-173B72FCC0CE}.Release|Any CPU.ActiveCfg = Release|Any CPU
		{BFA0DBD9-BD36-406B-AEE4-173B72FCC0CE}.Release|Any CPU.Build.0 = Release|Any CPU
		{BFA0DBD9-BD36-406B-AEE4-173B72FCC0CE}.Release|ARM.ActiveCfg = Release|Any CPU
		{BFA0DBD9-BD36-406B-AEE4-173B72FCC0CE}.Release|ARM.Build.0 = Release|Any CPU
		{BFA0DBD9-BD36-406B-AEE4-173B72FCC0CE}.Release|x64.ActiveCfg = Release|Any CPU
		{BFA0DBD9-BD36-406B-AEE4-173B72FCC0CE}.Release|x64.Build.0 = Release|Any CPU
		{BFA0DBD9-BD36-406B-AEE4-173B72FCC0CE}.Release|x86.ActiveCfg = Release|Any CPU
		{BFA0DBD9-BD36-406B-AEE4-173B72FCC0CE}.Release|x86.Build.0 = Release|Any CPU
		{79DB2153-771E-4903-977E-76937FB89D40}.Debug|Any CPU.ActiveCfg = Debug|Any CPU
		{79DB2153-771E-4903-977E-76937FB89D40}.Debug|Any CPU.Build.0 = Debug|Any CPU
		{79DB2153-771E-4903-977E-76937FB89D40}.Debug|ARM.ActiveCfg = Debug|Any CPU
		{79DB2153-771E-4903-977E-76937FB89D40}.Debug|ARM.Build.0 = Debug|Any CPU
		{79DB2153-771E-4903-977E-76937FB89D40}.Debug|x64.ActiveCfg = Debug|Any CPU
		{79DB2153-771E-4903-977E-76937FB89D40}.Debug|x64.Build.0 = Debug|Any CPU
		{79DB2153-771E-4903-977E-76937FB89D40}.Debug|x86.ActiveCfg = Debug|Any CPU
		{79DB2153-771E-4903-977E-76937FB89D40}.Debug|x86.Build.0 = Debug|Any CPU
		{79DB2153-771E-4903-977E-76937FB89D40}.Release|Any CPU.ActiveCfg = Release|Any CPU
		{79DB2153-771E-4903-977E-76937FB89D40}.Release|Any CPU.Build.0 = Release|Any CPU
		{79DB2153-771E-4903-977E-76937FB89D40}.Release|ARM.ActiveCfg = Release|Any CPU
		{79DB2153-771E-4903-977E-76937FB89D40}.Release|ARM.Build.0 = Release|Any CPU
		{79DB2153-771E-4903-977E-76937FB89D40}.Release|x64.ActiveCfg = Release|Any CPU
		{79DB2153-771E-4903-977E-76937FB89D40}.Release|x64.Build.0 = Release|Any CPU
		{79DB2153-771E-4903-977E-76937FB89D40}.Release|x86.ActiveCfg = Release|Any CPU
		{79DB2153-771E-4903-977E-76937FB89D40}.Release|x86.Build.0 = Release|Any CPU
		{19318A9D-74B0-46ED-AAA6-5B9D2927D522}.Debug|Any CPU.ActiveCfg = Debug|Any CPU
		{19318A9D-74B0-46ED-AAA6-5B9D2927D522}.Debug|Any CPU.Build.0 = Debug|Any CPU
		{19318A9D-74B0-46ED-AAA6-5B9D2927D522}.Debug|ARM.ActiveCfg = Debug|Any CPU
		{19318A9D-74B0-46ED-AAA6-5B9D2927D522}.Debug|ARM.Build.0 = Debug|Any CPU
		{19318A9D-74B0-46ED-AAA6-5B9D2927D522}.Debug|x64.ActiveCfg = Debug|Any CPU
		{19318A9D-74B0-46ED-AAA6-5B9D2927D522}.Debug|x64.Build.0 = Debug|Any CPU
		{19318A9D-74B0-46ED-AAA6-5B9D2927D522}.Debug|x86.ActiveCfg = Debug|Any CPU
		{19318A9D-74B0-46ED-AAA6-5B9D2927D522}.Debug|x86.Build.0 = Debug|Any CPU
		{19318A9D-74B0-46ED-AAA6-5B9D2927D522}.Release|Any CPU.ActiveCfg = Release|Any CPU
		{19318A9D-74B0-46ED-AAA6-5B9D2927D522}.Release|Any CPU.Build.0 = Release|Any CPU
		{19318A9D-74B0-46ED-AAA6-5B9D2927D522}.Release|ARM.ActiveCfg = Release|Any CPU
		{19318A9D-74B0-46ED-AAA6-5B9D2927D522}.Release|ARM.Build.0 = Release|Any CPU
		{19318A9D-74B0-46ED-AAA6-5B9D2927D522}.Release|x64.ActiveCfg = Release|Any CPU
		{19318A9D-74B0-46ED-AAA6-5B9D2927D522}.Release|x64.Build.0 = Release|Any CPU
		{19318A9D-74B0-46ED-AAA6-5B9D2927D522}.Release|x86.ActiveCfg = Release|Any CPU
		{19318A9D-74B0-46ED-AAA6-5B9D2927D522}.Release|x86.Build.0 = Release|Any CPU
	EndGlobalSection
	GlobalSection(SolutionProperties) = preSolution
		HideSolutionNode = FALSE
	EndGlobalSection
	GlobalSection(ExtensibilityGlobals) = postSolution
		SolutionGuid = {4B562C6E-CBD2-4D1E-8933-7DD66F9B0DB2}
	EndGlobalSection
EndGlobal
